
Microsoft Visual Studio Solution File, Format Version 12.00
# Visual Studio 2013
VisualStudioVersion = 12.0.21005.1
MinimumVisualStudioVersion = 10.0.40219.1
Project("{FAE04EC0-301F-11D3-BF4B-00C04F79EFBC}") = "Task0", "Task0\Task0.csproj", "{FBB4CBA8-74A0-4017-AA52-F6592FE78DD3}"
EndProject
Project("{FAE04EC0-301F-11D3-BF4B-00C04F79EFBC}") = "Task3", "Task3\Task3.csproj", "{F9B1C653-B67F-4303-9121-C99F7BAC18D9}"
EndProject
Project("{FAE04EC0-301F-11D3-BF4B-00C04F79EFBC}") = "Task4", "Task4\Task4.csproj", "{B8D1EFA3-9470-4A0E-9CE7-003DE494CB22}"
EndProject
Global
	GlobalSection(SolutionConfigurationPlatforms) = preSolution
		Debug|Any CPU = Debug|Any CPU
		Release|Any CPU = Release|Any CPU
	EndGlobalSection
	GlobalSection(ProjectConfigurationPlatforms) = postSolution
		{FBB4CBA8-74A0-4017-AA52-F6592FE78DD3}.Debug|Any CPU.ActiveCfg = Debug|Any CPU
		{FBB4CBA8-74A0-4017-AA52-F6592FE78DD3}.Debug|Any CPU.Build.0 = Debug|Any CPU
		{FBB4CBA8-74A0-4017-AA52-F6592FE78DD3}.Release|Any CPU.ActiveCfg = Release|Any CPU
		{FBB4CBA8-74A0-4017-AA52-F6592FE78DD3}.Release|Any CPU.Build.0 = Release|Any CPU
		{F9B1C653-B67F-4303-9121-C99F7BAC18D9}.Debug|Any CPU.ActiveCfg = Debug|Any CPU
		{F9B1C653-B67F-4303-9121-C99F7BAC18D9}.Debug|Any CPU.Build.0 = Debug|Any CPU
		{F9B1C653-B67F-4303-9121-C99F7BAC18D9}.Release|Any CPU.ActiveCfg = Release|Any CPU
		{F9B1C653-B67F-4303-9121-C99F7BAC18D9}.Release|Any CPU.Build.0 = Release|Any CPU
		{B8D1EFA3-9470-4A0E-9CE7-003DE494CB22}.Debug|Any CPU.ActiveCfg = Debug|Any CPU
		{B8D1EFA3-9470-4A0E-9CE7-003DE494CB22}.Debug|Any CPU.Build.0 = Debug|Any CPU
		{B8D1EFA3-9470-4A0E-9CE7-003DE494CB22}.Release|Any CPU.ActiveCfg = Release|Any CPU
		{B8D1EFA3-9470-4A0E-9CE7-003DE494CB22}.Release|Any CPU.Build.0 = Release|Any CPU
	EndGlobalSection
	GlobalSection(SolutionProperties) = preSolution
		HideSolutionNode = FALSE
	EndGlobalSection
EndGlobal
