
Microsoft Visual Studio Solution File, Format Version 12.00
# Visual Studio Version 16
VisualStudioVersion = 16.0.30114.105
MinimumVisualStudioVersion = 10.0.40219.1
Project("{FAE04EC0-301F-11D3-BF4B-00C04F79EFBC}") = "BlazorAppExample.WebAssembly", "BlazorAppExample.WebAssembly\BlazorAppExample.WebAssembly.csproj", "{4201C1ED-D6E3-4CA8-9A24-7278573BD90D}"
EndProject
Global
	GlobalSection(SolutionConfigurationPlatforms) = preSolution
		Debug|Any CPU = Debug|Any CPU
		Release|Any CPU = Release|Any CPU
	EndGlobalSection
	GlobalSection(ProjectConfigurationPlatforms) = postSolution
		{4201C1ED-D6E3-4CA8-9A24-7278573BD90D}.Debug|Any CPU.ActiveCfg = Debug|Any CPU
		{4201C1ED-D6E3-4CA8-9A24-7278573BD90D}.Debug|Any CPU.Build.0 = Debug|Any CPU
		{4201C1ED-D6E3-4CA8-9A24-7278573BD90D}.Release|Any CPU.ActiveCfg = Release|Any CPU
		{4201C1ED-D6E3-4CA8-9A24-7278573BD90D}.Release|Any CPU.Build.0 = Release|Any CPU
	EndGlobalSection
	GlobalSection(SolutionProperties) = preSolution
		HideSolutionNode = FALSE
	EndGlobalSection
	GlobalSection(ExtensibilityGlobals) = postSolution
		SolutionGuid = {56D39B31-B485-4971-96EB-98877496F5FB}
	EndGlobalSection
EndGlobal
