
Microsoft Visual Studio Solution File, Format Version 12.00
# Visual Studio 2013
VisualStudioVersion = 12.0.21005.1
MinimumVisualStudioVersion = 10.0.40219.1
Project("{FAE04EC0-301F-11D3-BF4B-00C04F79EFBC}") = "Task0", "Task0\Task0.csproj", "{7740F738-1C4D-4609-8960-F83174C6474E}"
EndProject
Project("{FAE04EC0-301F-11D3-BF4B-00C04F79EFBC}") = "Task2", "Task2\Task2.csproj", "{521ED67D-39F7-4312-9F49-EAA1C92E30E1}"
EndProject
Project("{FAE04EC0-301F-11D3-BF4B-00C04F79EFBC}") = "Task3", "Task3\Task3.csproj", "{B468C95A-E453-4030-B394-BD87BCC74463}"
EndProject
Project("{FAE04EC0-301F-11D3-BF4B-00C04F79EFBC}") = "Task4", "Task4\Task4.csproj", "{47A36429-4691-4D9A-9B28-1F342DBA4B4D}"
EndProject
Global
	GlobalSection(SolutionConfigurationPlatforms) = preSolution
		Debug|Any CPU = Debug|Any CPU
		Release|Any CPU = Release|Any CPU
	EndGlobalSection
	GlobalSection(ProjectConfigurationPlatforms) = postSolution
		{7740F738-1C4D-4609-8960-F83174C6474E}.Debug|Any CPU.ActiveCfg = Debug|Any CPU
		{7740F738-1C4D-4609-8960-F83174C6474E}.Debug|Any CPU.Build.0 = Debug|Any CPU
		{7740F738-1C4D-4609-8960-F83174C6474E}.Release|Any CPU.ActiveCfg = Release|Any CPU
		{7740F738-1C4D-4609-8960-F83174C6474E}.Release|Any CPU.Build.0 = Release|Any CPU
		{521ED67D-39F7-4312-9F49-EAA1C92E30E1}.Debug|Any CPU.ActiveCfg = Debug|Any CPU
		{521ED67D-39F7-4312-9F49-EAA1C92E30E1}.Debug|Any CPU.Build.0 = Debug|Any CPU
		{521ED67D-39F7-4312-9F49-EAA1C92E30E1}.Release|Any CPU.ActiveCfg = Release|Any CPU
		{521ED67D-39F7-4312-9F49-EAA1C92E30E1}.Release|Any CPU.Build.0 = Release|Any CPU
		{B468C95A-E453-4030-B394-BD87BCC74463}.Debug|Any CPU.ActiveCfg = Debug|Any CPU
		{B468C95A-E453-4030-B394-BD87BCC74463}.Debug|Any CPU.Build.0 = Debug|Any CPU
		{B468C95A-E453-4030-B394-BD87BCC74463}.Release|Any CPU.ActiveCfg = Release|Any CPU
		{B468C95A-E453-4030-B394-BD87BCC74463}.Release|Any CPU.Build.0 = Release|Any CPU
		{47A36429-4691-4D9A-9B28-1F342DBA4B4D}.Debug|Any CPU.ActiveCfg = Debug|Any CPU
		{47A36429-4691-4D9A-9B28-1F342DBA4B4D}.Debug|Any CPU.Build.0 = Debug|Any CPU
		{47A36429-4691-4D9A-9B28-1F342DBA4B4D}.Release|Any CPU.ActiveCfg = Release|Any CPU
		{47A36429-4691-4D9A-9B28-1F342DBA4B4D}.Release|Any CPU.Build.0 = Release|Any CPU
	EndGlobalSection
	GlobalSection(SolutionProperties) = preSolution
		HideSolutionNode = FALSE
	EndGlobalSection
EndGlobal
