
Microsoft Visual Studio Solution File, Format Version 12.00
# Visual Studio 2013
VisualStudioVersion = 12.0.21005.1
MinimumVisualStudioVersion = 10.0.40219.1
Project("{2150E333-8FDC-42A3-9474-1A3956D46DE8}") = "Less1_Classes_Properties_Ctors_Encapsulation_OOP", "Less1_Classes_Properties_Ctors_Encapsulation_OOP", "{D661C08C-3724-4D76-B4B9-51EDE44BA239}"
EndProject
Project("{FAE04EC0-301F-11D3-BF4B-00C04F79EFBC}") = "Less1_Task2", "Less1_Task2\Less1_Task2.csproj", "{0B22991F-B8D9-4829-B143-E9DE671C2567}"
EndProject
Project("{FAE04EC0-301F-11D3-BF4B-00C04F79EFBC}") = "Less1_Task3", "Less1_Task3\Less1_Task3.csproj", "{A2A979AB-9668-4C68-804B-59B7AB568DB9}"
EndProject
Project("{FAE04EC0-301F-11D3-BF4B-00C04F79EFBC}") = "Less1_Task4", "Less1_Task4\Less1_Task4.csproj", "{82E49327-4015-4E2B-82BD-D80BDEF6BAD1}"
EndProject
Project("{FAE04EC0-301F-11D3-BF4B-00C04F79EFBC}") = "Less1_Task1", "Less1_Task1\Less1_Task1.csproj", "{65AB6367-28FA-4FD8-8695-CE8C9FE61FE8}"
EndProject
Project("{2150E333-8FDC-42A3-9474-1A3956D46DE8}") = "Less2_Classes_Partial_UML_(Abstract_Factory_partly)", "Less2_Classes_Partial_UML_(Abstract_Factory_partly)", "{F9496AB2-06AA-4CFB-9AF5-0C7F528EAF50}"
EndProject
Project("{FAE04EC0-301F-11D3-BF4B-00C04F79EFBC}") = "Less2_Task1", "Less2_Task1\Less2_Task1.csproj", "{7C37D4DD-6988-4036-BFA9-B453DDEE51C0}"
EndProject
Project("{FAE04EC0-301F-11D3-BF4B-00C04F79EFBC}") = "Less2_Task2", "Less2_Task2\Less2_Task2.csproj", "{D9F0EAB6-1CBD-4DAD-8641-1340678714DA}"
EndProject
Project("{FAE04EC0-301F-11D3-BF4B-00C04F79EFBC}") = "Less2_Task3", "Less2_Task3\Less2_Task3.csproj", "{417E2AE3-4009-4F0F-B703-D186836BDDF3}"
EndProject
Project("{FAE04EC0-301F-11D3-BF4B-00C04F79EFBC}") = "Less2_Task4", "Less2_Task4\Less2_Task4.csproj", "{783A8B3A-4C4E-4E4A-9098-3C0C5A7D7920}"
EndProject
Project("{FAE04EC0-301F-11D3-BF4B-00C04F79EFBC}") = "Less2_Task5", "Less2_Task5\Less2_Task5.csproj", "{6111FCF9-BE31-4001-A0D8-C590F177396C}"
EndProject
Project("{FAE04EC0-301F-11D3-BF4B-00C04F79EFBC}") = "LuckyTicket", "LuckyTicket\LuckyTicket.csproj", "{4789A1A2-EF12-4FA5-8EE9-5CFE4DAA9FE8}"
EndProject
Project("{2150E333-8FDC-42A3-9474-1A3956D46DE8}") = "Less3_Inheritance_Polymorphism_Encapsulation_Cast", "Less3_Inheritance_Polymorphism_Encapsulation_Cast", "{9EB2E61D-47D5-40A4-B87F-4407A3A6F8A9}"
EndProject
Project("{FAE04EC0-301F-11D3-BF4B-00C04F79EFBC}") = "Less3_Task1", "Less3_Task1\Less3_Task1.csproj", "{A728CDEF-A9DC-4861-84C8-003FD7A09A4C}"
EndProject
Project("{FAE04EC0-301F-11D3-BF4B-00C04F79EFBC}") = "Less3_Task2", "Less3_Task2\Less3_Task2.csproj", "{68220B9E-87A8-4A21-8B8B-B2EC034A4637}"
EndProject
Project("{FAE04EC0-301F-11D3-BF4B-00C04F79EFBC}") = "Less3_Task3", "Less3_Task3\Less3_Task3.csproj", "{C6EC08BE-A99A-432E-B3A6-F4B21495EF1B}"
EndProject
Project("{FAE04EC0-301F-11D3-BF4B-00C04F79EFBC}") = "Less3_Task4", "Less3_Task4\Less3_Task4.csproj", "{0C5D4830-AA6D-4D06-BDD0-42B524E5D2E1}"
EndProject
Project("{FAE04EC0-301F-11D3-BF4B-00C04F79EFBC}") = "Less3_Task5", "Less3_Task5\Less3_Task5.csproj", "{640CC5A1-0DE7-44B3-862A-CADE274F7ADB}"
EndProject
Project("{2150E333-8FDC-42A3-9474-1A3956D46DE8}") = "Less4_Abstraction_Interfaces_(Template_Method_Dependency_Injection)", "Less4_Abstraction_Interfaces_(Template_Method_Dependency_Injection)", "{C2829BDD-E169-4B2E-AD5E-B874162C572D}"
EndProject
Project("{FAE04EC0-301F-11D3-BF4B-00C04F79EFBC}") = "Less4_Task1", "Less4_Task1\Less4_Task1.csproj", "{75301584-2B9D-4F66-A2F3-6E7A5464EB64}"
EndProject
Project("{FAE04EC0-301F-11D3-BF4B-00C04F79EFBC}") = "Less4_Task2", "Less4_Task2\Less4_Task2.csproj", "{B080EA43-3C2A-473C-BBE2-AB0B824F359C}"
EndProject
Project("{FAE04EC0-301F-11D3-BF4B-00C04F79EFBC}") = "Less4_Task3", "Less4_Task3\Less4_Task3.csproj", "{3C872060-1476-49D7-9725-E99C5E814553}"
EndProject
Project("{FAE04EC0-301F-11D3-BF4B-00C04F79EFBC}") = "Less4_Task4", "Less4_Task4\Less4_Task4.csproj", "{027D321C-B2CF-4A13-9036-B47583FD4DC1}"
EndProject
Project("{FAE04EC0-301F-11D3-BF4B-00C04F79EFBC}") = "Less4_Task5", "Less4_Task5\Less4_Task5.csproj", "{B1C04E09-A2DF-452F-8C2C-5693D49EFC2F}"
EndProject
Project("{2150E333-8FDC-42A3-9474-1A3956D46DE8}") = "Less5_Arrays_Indexers_Covariance", "Less5_Arrays_Indexers_Covariance", "{D7151363-5995-4217-9DAB-AB310722EB97}"
EndProject
Project("{FAE04EC0-301F-11D3-BF4B-00C04F79EFBC}") = "Less5_Task1", "Less5_Task1\Less5_Task1.csproj", "{B25B4620-4476-4FDA-AE69-C6E5F8C14B10}"
EndProject
Project("{FAE04EC0-301F-11D3-BF4B-00C04F79EFBC}") = "Less5_Task2", "Less5_Task2\Less5_Task2.csproj", "{C1BACDAA-0D68-4218-AE7C-3F737C6A10E6}"
EndProject
Project("{FAE04EC0-301F-11D3-BF4B-00C04F79EFBC}") = "Less5_Task3", "Less5_Task3\Less5_Task3.csproj", "{CB4FD2CB-5FCC-4AED-BBC9-75D6FB25F33D}"
EndProject
Project("{FAE04EC0-301F-11D3-BF4B-00C04F79EFBC}") = "Less5_Task4", "Less5_Task4\Less5_Task4.csproj", "{E006C41D-D34D-457D-9390-BE4A86F16560}"
EndProject
Project("{FAE04EC0-301F-11D3-BF4B-00C04F79EFBC}") = "Less5_Task5", "Less5_Task5\Less5_Task5.csproj", "{43DFFD7E-6054-4014-927D-E3887E743022}"
EndProject
Global
	GlobalSection(SolutionConfigurationPlatforms) = preSolution
		Debug|Any CPU = Debug|Any CPU
		Release|Any CPU = Release|Any CPU
	EndGlobalSection
	GlobalSection(ProjectConfigurationPlatforms) = postSolution
		{0B22991F-B8D9-4829-B143-E9DE671C2567}.Debug|Any CPU.ActiveCfg = Debug|Any CPU
		{0B22991F-B8D9-4829-B143-E9DE671C2567}.Debug|Any CPU.Build.0 = Debug|Any CPU
		{0B22991F-B8D9-4829-B143-E9DE671C2567}.Release|Any CPU.ActiveCfg = Release|Any CPU
		{0B22991F-B8D9-4829-B143-E9DE671C2567}.Release|Any CPU.Build.0 = Release|Any CPU
		{A2A979AB-9668-4C68-804B-59B7AB568DB9}.Debug|Any CPU.ActiveCfg = Debug|Any CPU
		{A2A979AB-9668-4C68-804B-59B7AB568DB9}.Debug|Any CPU.Build.0 = Debug|Any CPU
		{A2A979AB-9668-4C68-804B-59B7AB568DB9}.Release|Any CPU.ActiveCfg = Release|Any CPU
		{A2A979AB-9668-4C68-804B-59B7AB568DB9}.Release|Any CPU.Build.0 = Release|Any CPU
		{82E49327-4015-4E2B-82BD-D80BDEF6BAD1}.Debug|Any CPU.ActiveCfg = Debug|Any CPU
		{82E49327-4015-4E2B-82BD-D80BDEF6BAD1}.Debug|Any CPU.Build.0 = Debug|Any CPU
		{82E49327-4015-4E2B-82BD-D80BDEF6BAD1}.Release|Any CPU.ActiveCfg = Release|Any CPU
		{82E49327-4015-4E2B-82BD-D80BDEF6BAD1}.Release|Any CPU.Build.0 = Release|Any CPU
		{65AB6367-28FA-4FD8-8695-CE8C9FE61FE8}.Debug|Any CPU.ActiveCfg = Debug|Any CPU
		{65AB6367-28FA-4FD8-8695-CE8C9FE61FE8}.Debug|Any CPU.Build.0 = Debug|Any CPU
		{65AB6367-28FA-4FD8-8695-CE8C9FE61FE8}.Release|Any CPU.ActiveCfg = Release|Any CPU
		{65AB6367-28FA-4FD8-8695-CE8C9FE61FE8}.Release|Any CPU.Build.0 = Release|Any CPU
		{7C37D4DD-6988-4036-BFA9-B453DDEE51C0}.Debug|Any CPU.ActiveCfg = Debug|Any CPU
		{7C37D4DD-6988-4036-BFA9-B453DDEE51C0}.Debug|Any CPU.Build.0 = Debug|Any CPU
		{7C37D4DD-6988-4036-BFA9-B453DDEE51C0}.Release|Any CPU.ActiveCfg = Release|Any CPU
		{7C37D4DD-6988-4036-BFA9-B453DDEE51C0}.Release|Any CPU.Build.0 = Release|Any CPU
		{D9F0EAB6-1CBD-4DAD-8641-1340678714DA}.Debug|Any CPU.ActiveCfg = Debug|Any CPU
		{D9F0EAB6-1CBD-4DAD-8641-1340678714DA}.Debug|Any CPU.Build.0 = Debug|Any CPU
		{D9F0EAB6-1CBD-4DAD-8641-1340678714DA}.Release|Any CPU.ActiveCfg = Release|Any CPU
		{D9F0EAB6-1CBD-4DAD-8641-1340678714DA}.Release|Any CPU.Build.0 = Release|Any CPU
		{417E2AE3-4009-4F0F-B703-D186836BDDF3}.Debug|Any CPU.ActiveCfg = Debug|Any CPU
		{417E2AE3-4009-4F0F-B703-D186836BDDF3}.Debug|Any CPU.Build.0 = Debug|Any CPU
		{417E2AE3-4009-4F0F-B703-D186836BDDF3}.Release|Any CPU.ActiveCfg = Release|Any CPU
		{417E2AE3-4009-4F0F-B703-D186836BDDF3}.Release|Any CPU.Build.0 = Release|Any CPU
		{783A8B3A-4C4E-4E4A-9098-3C0C5A7D7920}.Debug|Any CPU.ActiveCfg = Debug|Any CPU
		{783A8B3A-4C4E-4E4A-9098-3C0C5A7D7920}.Debug|Any CPU.Build.0 = Debug|Any CPU
		{783A8B3A-4C4E-4E4A-9098-3C0C5A7D7920}.Release|Any CPU.ActiveCfg = Release|Any CPU
		{783A8B3A-4C4E-4E4A-9098-3C0C5A7D7920}.Release|Any CPU.Build.0 = Release|Any CPU
		{6111FCF9-BE31-4001-A0D8-C590F177396C}.Debug|Any CPU.ActiveCfg = Debug|Any CPU
		{6111FCF9-BE31-4001-A0D8-C590F177396C}.Debug|Any CPU.Build.0 = Debug|Any CPU
		{6111FCF9-BE31-4001-A0D8-C590F177396C}.Release|Any CPU.ActiveCfg = Release|Any CPU
		{6111FCF9-BE31-4001-A0D8-C590F177396C}.Release|Any CPU.Build.0 = Release|Any CPU
		{4789A1A2-EF12-4FA5-8EE9-5CFE4DAA9FE8}.Debug|Any CPU.ActiveCfg = Debug|Any CPU
		{4789A1A2-EF12-4FA5-8EE9-5CFE4DAA9FE8}.Debug|Any CPU.Build.0 = Debug|Any CPU
		{4789A1A2-EF12-4FA5-8EE9-5CFE4DAA9FE8}.Release|Any CPU.ActiveCfg = Release|Any CPU
		{4789A1A2-EF12-4FA5-8EE9-5CFE4DAA9FE8}.Release|Any CPU.Build.0 = Release|Any CPU
		{A728CDEF-A9DC-4861-84C8-003FD7A09A4C}.Debug|Any CPU.ActiveCfg = Debug|Any CPU
		{A728CDEF-A9DC-4861-84C8-003FD7A09A4C}.Debug|Any CPU.Build.0 = Debug|Any CPU
		{A728CDEF-A9DC-4861-84C8-003FD7A09A4C}.Release|Any CPU.ActiveCfg = Release|Any CPU
		{A728CDEF-A9DC-4861-84C8-003FD7A09A4C}.Release|Any CPU.Build.0 = Release|Any CPU
		{68220B9E-87A8-4A21-8B8B-B2EC034A4637}.Debug|Any CPU.ActiveCfg = Debug|Any CPU
		{68220B9E-87A8-4A21-8B8B-B2EC034A4637}.Debug|Any CPU.Build.0 = Debug|Any CPU
		{68220B9E-87A8-4A21-8B8B-B2EC034A4637}.Release|Any CPU.ActiveCfg = Release|Any CPU
		{68220B9E-87A8-4A21-8B8B-B2EC034A4637}.Release|Any CPU.Build.0 = Release|Any CPU
		{C6EC08BE-A99A-432E-B3A6-F4B21495EF1B}.Debug|Any CPU.ActiveCfg = Debug|Any CPU
		{C6EC08BE-A99A-432E-B3A6-F4B21495EF1B}.Debug|Any CPU.Build.0 = Debug|Any CPU
		{C6EC08BE-A99A-432E-B3A6-F4B21495EF1B}.Release|Any CPU.ActiveCfg = Release|Any CPU
		{C6EC08BE-A99A-432E-B3A6-F4B21495EF1B}.Release|Any CPU.Build.0 = Release|Any CPU
		{0C5D4830-AA6D-4D06-BDD0-42B524E5D2E1}.Debug|Any CPU.ActiveCfg = Debug|Any CPU
		{0C5D4830-AA6D-4D06-BDD0-42B524E5D2E1}.Debug|Any CPU.Build.0 = Debug|Any CPU
		{0C5D4830-AA6D-4D06-BDD0-42B524E5D2E1}.Release|Any CPU.ActiveCfg = Release|Any CPU
		{0C5D4830-AA6D-4D06-BDD0-42B524E5D2E1}.Release|Any CPU.Build.0 = Release|Any CPU
		{640CC5A1-0DE7-44B3-862A-CADE274F7ADB}.Debug|Any CPU.ActiveCfg = Debug|Any CPU
		{640CC5A1-0DE7-44B3-862A-CADE274F7ADB}.Debug|Any CPU.Build.0 = Debug|Any CPU
		{640CC5A1-0DE7-44B3-862A-CADE274F7ADB}.Release|Any CPU.ActiveCfg = Release|Any CPU
		{640CC5A1-0DE7-44B3-862A-CADE274F7ADB}.Release|Any CPU.Build.0 = Release|Any CPU
		{75301584-2B9D-4F66-A2F3-6E7A5464EB64}.Debug|Any CPU.ActiveCfg = Debug|Any CPU
		{75301584-2B9D-4F66-A2F3-6E7A5464EB64}.Debug|Any CPU.Build.0 = Debug|Any CPU
		{75301584-2B9D-4F66-A2F3-6E7A5464EB64}.Release|Any CPU.ActiveCfg = Release|Any CPU
		{75301584-2B9D-4F66-A2F3-6E7A5464EB64}.Release|Any CPU.Build.0 = Release|Any CPU
		{B080EA43-3C2A-473C-BBE2-AB0B824F359C}.Debug|Any CPU.ActiveCfg = Debug|Any CPU
		{B080EA43-3C2A-473C-BBE2-AB0B824F359C}.Debug|Any CPU.Build.0 = Debug|Any CPU
		{B080EA43-3C2A-473C-BBE2-AB0B824F359C}.Release|Any CPU.ActiveCfg = Release|Any CPU
		{B080EA43-3C2A-473C-BBE2-AB0B824F359C}.Release|Any CPU.Build.0 = Release|Any CPU
		{3C872060-1476-49D7-9725-E99C5E814553}.Debug|Any CPU.ActiveCfg = Debug|Any CPU
		{3C872060-1476-49D7-9725-E99C5E814553}.Debug|Any CPU.Build.0 = Debug|Any CPU
		{3C872060-1476-49D7-9725-E99C5E814553}.Release|Any CPU.ActiveCfg = Release|Any CPU
		{3C872060-1476-49D7-9725-E99C5E814553}.Release|Any CPU.Build.0 = Release|Any CPU
		{027D321C-B2CF-4A13-9036-B47583FD4DC1}.Debug|Any CPU.ActiveCfg = Debug|Any CPU
		{027D321C-B2CF-4A13-9036-B47583FD4DC1}.Debug|Any CPU.Build.0 = Debug|Any CPU
		{027D321C-B2CF-4A13-9036-B47583FD4DC1}.Release|Any CPU.ActiveCfg = Release|Any CPU
		{027D321C-B2CF-4A13-9036-B47583FD4DC1}.Release|Any CPU.Build.0 = Release|Any CPU
		{B1C04E09-A2DF-452F-8C2C-5693D49EFC2F}.Debug|Any CPU.ActiveCfg = Debug|Any CPU
		{B1C04E09-A2DF-452F-8C2C-5693D49EFC2F}.Debug|Any CPU.Build.0 = Debug|Any CPU
		{B1C04E09-A2DF-452F-8C2C-5693D49EFC2F}.Release|Any CPU.ActiveCfg = Release|Any CPU
		{B1C04E09-A2DF-452F-8C2C-5693D49EFC2F}.Release|Any CPU.Build.0 = Release|Any CPU
		{B25B4620-4476-4FDA-AE69-C6E5F8C14B10}.Debug|Any CPU.ActiveCfg = Debug|Any CPU
		{B25B4620-4476-4FDA-AE69-C6E5F8C14B10}.Debug|Any CPU.Build.0 = Debug|Any CPU
		{B25B4620-4476-4FDA-AE69-C6E5F8C14B10}.Release|Any CPU.ActiveCfg = Release|Any CPU
		{B25B4620-4476-4FDA-AE69-C6E5F8C14B10}.Release|Any CPU.Build.0 = Release|Any CPU
		{C1BACDAA-0D68-4218-AE7C-3F737C6A10E6}.Debug|Any CPU.ActiveCfg = Debug|Any CPU
		{C1BACDAA-0D68-4218-AE7C-3F737C6A10E6}.Debug|Any CPU.Build.0 = Debug|Any CPU
		{C1BACDAA-0D68-4218-AE7C-3F737C6A10E6}.Release|Any CPU.ActiveCfg = Release|Any CPU
		{C1BACDAA-0D68-4218-AE7C-3F737C6A10E6}.Release|Any CPU.Build.0 = Release|Any CPU
		{CB4FD2CB-5FCC-4AED-BBC9-75D6FB25F33D}.Debug|Any CPU.ActiveCfg = Debug|Any CPU
		{CB4FD2CB-5FCC-4AED-BBC9-75D6FB25F33D}.Debug|Any CPU.Build.0 = Debug|Any CPU
		{CB4FD2CB-5FCC-4AED-BBC9-75D6FB25F33D}.Release|Any CPU.ActiveCfg = Release|Any CPU
		{CB4FD2CB-5FCC-4AED-BBC9-75D6FB25F33D}.Release|Any CPU.Build.0 = Release|Any CPU
		{E006C41D-D34D-457D-9390-BE4A86F16560}.Debug|Any CPU.ActiveCfg = Debug|Any CPU
		{E006C41D-D34D-457D-9390-BE4A86F16560}.Debug|Any CPU.Build.0 = Debug|Any CPU
		{E006C41D-D34D-457D-9390-BE4A86F16560}.Release|Any CPU.ActiveCfg = Release|Any CPU
		{E006C41D-D34D-457D-9390-BE4A86F16560}.Release|Any CPU.Build.0 = Release|Any CPU
		{43DFFD7E-6054-4014-927D-E3887E743022}.Debug|Any CPU.ActiveCfg = Debug|Any CPU
		{43DFFD7E-6054-4014-927D-E3887E743022}.Debug|Any CPU.Build.0 = Debug|Any CPU
		{43DFFD7E-6054-4014-927D-E3887E743022}.Release|Any CPU.ActiveCfg = Release|Any CPU
		{43DFFD7E-6054-4014-927D-E3887E743022}.Release|Any CPU.Build.0 = Release|Any CPU
	EndGlobalSection
	GlobalSection(SolutionProperties) = preSolution
		HideSolutionNode = FALSE
	EndGlobalSection
	GlobalSection(NestedProjects) = preSolution
		{0B22991F-B8D9-4829-B143-E9DE671C2567} = {D661C08C-3724-4D76-B4B9-51EDE44BA239}
		{A2A979AB-9668-4C68-804B-59B7AB568DB9} = {D661C08C-3724-4D76-B4B9-51EDE44BA239}
		{82E49327-4015-4E2B-82BD-D80BDEF6BAD1} = {D661C08C-3724-4D76-B4B9-51EDE44BA239}
		{65AB6367-28FA-4FD8-8695-CE8C9FE61FE8} = {D661C08C-3724-4D76-B4B9-51EDE44BA239}
		{7C37D4DD-6988-4036-BFA9-B453DDEE51C0} = {F9496AB2-06AA-4CFB-9AF5-0C7F528EAF50}
		{D9F0EAB6-1CBD-4DAD-8641-1340678714DA} = {F9496AB2-06AA-4CFB-9AF5-0C7F528EAF50}
		{417E2AE3-4009-4F0F-B703-D186836BDDF3} = {F9496AB2-06AA-4CFB-9AF5-0C7F528EAF50}
		{783A8B3A-4C4E-4E4A-9098-3C0C5A7D7920} = {F9496AB2-06AA-4CFB-9AF5-0C7F528EAF50}
		{6111FCF9-BE31-4001-A0D8-C590F177396C} = {F9496AB2-06AA-4CFB-9AF5-0C7F528EAF50}
		{4789A1A2-EF12-4FA5-8EE9-5CFE4DAA9FE8} = {F9496AB2-06AA-4CFB-9AF5-0C7F528EAF50}
		{A728CDEF-A9DC-4861-84C8-003FD7A09A4C} = {9EB2E61D-47D5-40A4-B87F-4407A3A6F8A9}
		{68220B9E-87A8-4A21-8B8B-B2EC034A4637} = {9EB2E61D-47D5-40A4-B87F-4407A3A6F8A9}
		{C6EC08BE-A99A-432E-B3A6-F4B21495EF1B} = {9EB2E61D-47D5-40A4-B87F-4407A3A6F8A9}
		{0C5D4830-AA6D-4D06-BDD0-42B524E5D2E1} = {9EB2E61D-47D5-40A4-B87F-4407A3A6F8A9}
		{640CC5A1-0DE7-44B3-862A-CADE274F7ADB} = {9EB2E61D-47D5-40A4-B87F-4407A3A6F8A9}
		{75301584-2B9D-4F66-A2F3-6E7A5464EB64} = {C2829BDD-E169-4B2E-AD5E-B874162C572D}
		{B080EA43-3C2A-473C-BBE2-AB0B824F359C} = {C2829BDD-E169-4B2E-AD5E-B874162C572D}
		{3C872060-1476-49D7-9725-E99C5E814553} = {C2829BDD-E169-4B2E-AD5E-B874162C572D}
		{027D321C-B2CF-4A13-9036-B47583FD4DC1} = {C2829BDD-E169-4B2E-AD5E-B874162C572D}
		{B1C04E09-A2DF-452F-8C2C-5693D49EFC2F} = {C2829BDD-E169-4B2E-AD5E-B874162C572D}
		{B25B4620-4476-4FDA-AE69-C6E5F8C14B10} = {D7151363-5995-4217-9DAB-AB310722EB97}
		{C1BACDAA-0D68-4218-AE7C-3F737C6A10E6} = {D7151363-5995-4217-9DAB-AB310722EB97}
		{CB4FD2CB-5FCC-4AED-BBC9-75D6FB25F33D} = {D7151363-5995-4217-9DAB-AB310722EB97}
		{E006C41D-D34D-457D-9390-BE4A86F16560} = {D7151363-5995-4217-9DAB-AB310722EB97}
		{43DFFD7E-6054-4014-927D-E3887E743022} = {D7151363-5995-4217-9DAB-AB310722EB97}
	EndGlobalSection
	GlobalSection(ExtensibilityGlobals) = postSolution
		SolutionGuid = {1508722D-0C68-4760-A6D1-E8F400ECACD7}
	EndGlobalSection
EndGlobal
