
Microsoft Visual Studio Solution File, Format Version 12.00
# Visual Studio 2013
VisualStudioVersion = 12.0.21005.1
MinimumVisualStudioVersion = 10.0.40219.1
Project("{FAE04EC0-301F-11D3-BF4B-00C04F79EFBC}") = "1_1 Machine Mathematics", "1_1 Machine Mathematics\1_1 Machine Mathematics.csproj", "{BB681800-9205-4FCB-B97D-4F8949C4813C}"
EndProject
Project("{FAE04EC0-301F-11D3-BF4B-00C04F79EFBC}") = "1_2 Machine Mathematics", "1_2 Machine Mathematics\1_2 Machine Mathematics.csproj", "{2947D3C3-8598-4205-9C0D-3765F078EEE3}"
EndProject
Project("{FAE04EC0-301F-11D3-BF4B-00C04F79EFBC}") = "1_3 Machine Mathematics", "1_3 Machine Mathematics\1_3 Machine Mathematics.csproj", "{8FC7D234-74B3-4145-8F8D-3F589D996F9A}"
EndProject
Project("{FAE04EC0-301F-11D3-BF4B-00C04F79EFBC}") = "1_4 Machine Mathematics", "1_4 Machine Mathematics\1_4 Machine Mathematics.csproj", "{CCEB1A5E-54B7-4E82-B8EC-5F0F52B6D676}"
EndProject
Project("{FAE04EC0-301F-11D3-BF4B-00C04F79EFBC}") = "1_5 Machine Mathematics", "1_5 Machine Mathematics\1_5 Machine Mathematics.csproj", "{326F55CD-6168-4B8C-8806-094B6D93EF6B}"
EndProject
Project("{FAE04EC0-301F-11D3-BF4B-00C04F79EFBC}") = "2_1 Variables", "2_1 Variables\2_1 Variables.csproj", "{7C8F5523-954B-45AA-96AD-9E1FE8CA4814}"
EndProject
Project("{FAE04EC0-301F-11D3-BF4B-00C04F79EFBC}") = "2_2 Variables", "2_2 Variables\2_2 Variables.csproj", "{5D8BF155-013D-4D57-83FD-BD4C1D8ACF1F}"
EndProject
Project("{FAE04EC0-301F-11D3-BF4B-00C04F79EFBC}") = "2_3 Variables", "2_3 Variables\2_3 Variables.csproj", "{FC89BAE7-48C1-4330-AC9B-EE8A8C3A4D58}"
EndProject
Project("{FAE04EC0-301F-11D3-BF4B-00C04F79EFBC}") = "2_4 Variables", "2_4 Variables\2_4 Variables.csproj", "{C91FB302-0CEA-411C-8A44-14B0D1FD46E9}"
EndProject
Project("{FAE04EC0-301F-11D3-BF4B-00C04F79EFBC}") = "2_5 Variables", "2_5 Variables\2_5 Variables.csproj", "{CE85B4DF-1CE4-4569-AD4C-2EFFA36878DB}"
EndProject
Project("{FAE04EC0-301F-11D3-BF4B-00C04F79EFBC}") = "3_1 Conditions", "3_1 Conditions\3_1 Conditions.csproj", "{23F1920D-997C-45F1-B944-4F78E9452AFE}"
EndProject
Project("{FAE04EC0-301F-11D3-BF4B-00C04F79EFBC}") = "3_2 Conditions", "3_2 Conditions\3_2 Conditions.csproj", "{2510D567-53B9-42E2-BCF1-186AB1DA5AA7}"
EndProject
Project("{FAE04EC0-301F-11D3-BF4B-00C04F79EFBC}") = "3_3 Conditions", "3_3 Conditions\3_3 Conditions.csproj", "{3112B340-B47F-474C-BFDA-6E072C5566B2}"
EndProject
Project("{FAE04EC0-301F-11D3-BF4B-00C04F79EFBC}") = "3_4 Conditions", "3_4 Conditions\3_4 Conditions.csproj", "{8C9C0DC4-F817-4F72-A579-DFB9337D8550}"
EndProject
Project("{FAE04EC0-301F-11D3-BF4B-00C04F79EFBC}") = "3_5 Conditions", "3_5 Conditions\3_5 Conditions.csproj", "{CFB00300-F03F-4AEB-998F-B397331CD402}"
EndProject
Project("{FAE04EC0-301F-11D3-BF4B-00C04F79EFBC}") = "4_1 Logic", "4_1 Logic\4_1 Logic.csproj", "{CE1041DC-909B-47DF-8DDF-D8324AAA9EEF}"
EndProject
Project("{FAE04EC0-301F-11D3-BF4B-00C04F79EFBC}") = "4_2 Logic", "4_2 Logic\4_2 Logic.csproj", "{1A397378-0EA3-4823-A8EF-D8F63CC90161}"
EndProject
Project("{FAE04EC0-301F-11D3-BF4B-00C04F79EFBC}") = "4_3 Logic", "4_3 Logic\4_3 Logic.csproj", "{80799C90-6E70-43BF-8629-C40C2A0F5E40}"
EndProject
Project("{FAE04EC0-301F-11D3-BF4B-00C04F79EFBC}") = "4_4 Logic", "4_4 Logic\4_4 Logic.csproj", "{E8BCCBFB-D63A-454F-A739-9D649ED45708}"
EndProject
Project("{FAE04EC0-301F-11D3-BF4B-00C04F79EFBC}") = "4_5 Logic", "4_5 Logic\4_5 Logic.csproj", "{AA45E6BA-7A77-4BD4-AB8B-27EFC92FEC57}"
EndProject
Project("{FAE04EC0-301F-11D3-BF4B-00C04F79EFBC}") = "5_1 Loops", "5_1 Loops\5_1 Loops.csproj", "{1C86100C-58A9-4B3B-A85F-0A013DFFBD7C}"
EndProject
Project("{FAE04EC0-301F-11D3-BF4B-00C04F79EFBC}") = "5_2 Loops", "5_2 Loops\5_2 Loops.csproj", "{2F5456EB-1A12-4721-B9ED-75464530567F}"
EndProject
Project("{FAE04EC0-301F-11D3-BF4B-00C04F79EFBC}") = "5_3 Loops", "5_3 Loops\5_3 Loops.csproj", "{FB2BD069-79BA-4094-9573-288E41259CFB}"
EndProject
Project("{FAE04EC0-301F-11D3-BF4B-00C04F79EFBC}") = "5_4 Loops", "5_4 Loops\5_4 Loops.csproj", "{EB433099-6683-4993-9A95-5D6570FC7026}"
EndProject
Project("{FAE04EC0-301F-11D3-BF4B-00C04F79EFBC}") = "5_5 Loops", "5_5 Loops\5_5 Loops.csproj", "{CE156A26-6346-483D-85CB-5628FEDFE8A9}"
EndProject
Project("{FAE04EC0-301F-11D3-BF4B-00C04F79EFBC}") = "6_1 Methods", "6_1 Methods\6_1 Methods.csproj", "{DF41042F-C9F1-4B9E-B9AC-D67FD03A1075}"
EndProject
Project("{FAE04EC0-301F-11D3-BF4B-00C04F79EFBC}") = "6_2 Methods", "6_2 Methods\6_2 Methods.csproj", "{14F1F6C0-313B-4A59-80F9-FD3FD95A58FA}"
EndProject
Project("{FAE04EC0-301F-11D3-BF4B-00C04F79EFBC}") = "6_3 Methods", "6_3 Methods\6_3 Methods.csproj", "{92F0A83D-44FC-4A77-86BA-09EDC108C74B}"
EndProject
Project("{FAE04EC0-301F-11D3-BF4B-00C04F79EFBC}") = "6_4 Methods", "6_4 Methods\6_4 Methods.csproj", "{09E8DE9B-2AD0-4172-BEDC-83CA08BC9F7A}"
EndProject
Project("{FAE04EC0-301F-11D3-BF4B-00C04F79EFBC}") = "6_5 Methods", "6_5 Methods\6_5 Methods.csproj", "{FBC3289F-9EDB-4717-B4D6-F32F09BE8868}"
EndProject
Project("{FAE04EC0-301F-11D3-BF4B-00C04F79EFBC}") = "7_1 Methods Recursion", "7_1 Methods Recursion\7_1 Methods Recursion.csproj", "{7F539C5B-B633-46EE-A4BF-6B6C030AA15F}"
EndProject
Project("{FAE04EC0-301F-11D3-BF4B-00C04F79EFBC}") = "7_2 Methods Recursion", "7_2 Methods Recursion\7_2 Methods Recursion.csproj", "{7E8ED0CE-EF6E-433A-8827-88A4C8C82313}"
EndProject
Project("{FAE04EC0-301F-11D3-BF4B-00C04F79EFBC}") = "7_3 Methods Recursion", "7_3 Methods Recursion\7_3 Methods Recursion.csproj", "{B3662750-C2C3-45D5-8753-6B2AEDA09B15}"
EndProject
Project("{FAE04EC0-301F-11D3-BF4B-00C04F79EFBC}") = "7_4 Methods Recursion", "7_4 Methods Recursion\7_4 Methods Recursion.csproj", "{6D096A2A-7FDA-4E15-A5B3-40270562D5CA}"
EndProject
Project("{FAE04EC0-301F-11D3-BF4B-00C04F79EFBC}") = "7_5 Methods Recursion", "7_5 Methods Recursion\7_5 Methods Recursion.csproj", "{1122B13C-08B3-4A55-9D55-9A8E0CBC71B9}"
EndProject
Project("{FAE04EC0-301F-11D3-BF4B-00C04F79EFBC}") = "8_1 Arrays", "8_1 Arrays\8_1 Arrays.csproj", "{F42737F5-6B32-49B0-91DA-CF8EDB4217ED}"
EndProject
Project("{FAE04EC0-301F-11D3-BF4B-00C04F79EFBC}") = "8_2 Arrays", "8_2 Arrays\8_2 Arrays.csproj", "{C49FB09F-EED5-4B6A-970A-089F5AA6A020}"
EndProject
Project("{FAE04EC0-301F-11D3-BF4B-00C04F79EFBC}") = "8_3 Arrays", "8_3 Arrays\8_3 Arrays.csproj", "{4FF41BD0-1324-42BF-8165-CDE0614552B5}"
EndProject
Project("{FAE04EC0-301F-11D3-BF4B-00C04F79EFBC}") = "8_4 Arrays", "8_4 Arrays\8_4 Arrays.csproj", "{9A911282-FC20-4E74-9D28-4986302CD90B}"
EndProject
Project("{FAE04EC0-301F-11D3-BF4B-00C04F79EFBC}") = "8_5 Arrays", "8_5 Arrays\8_5 Arrays.csproj", "{1F71DF4F-E5A8-40A5-867B-C1399EE01ABD}"
EndProject
Global
	GlobalSection(SolutionConfigurationPlatforms) = preSolution
		Debug|Any CPU = Debug|Any CPU
		Release|Any CPU = Release|Any CPU
	EndGlobalSection
	GlobalSection(ProjectConfigurationPlatforms) = postSolution
		{BB681800-9205-4FCB-B97D-4F8949C4813C}.Debug|Any CPU.ActiveCfg = Debug|Any CPU
		{BB681800-9205-4FCB-B97D-4F8949C4813C}.Debug|Any CPU.Build.0 = Debug|Any CPU
		{BB681800-9205-4FCB-B97D-4F8949C4813C}.Release|Any CPU.ActiveCfg = Release|Any CPU
		{BB681800-9205-4FCB-B97D-4F8949C4813C}.Release|Any CPU.Build.0 = Release|Any CPU
		{2947D3C3-8598-4205-9C0D-3765F078EEE3}.Debug|Any CPU.ActiveCfg = Debug|Any CPU
		{2947D3C3-8598-4205-9C0D-3765F078EEE3}.Debug|Any CPU.Build.0 = Debug|Any CPU
		{2947D3C3-8598-4205-9C0D-3765F078EEE3}.Release|Any CPU.ActiveCfg = Release|Any CPU
		{2947D3C3-8598-4205-9C0D-3765F078EEE3}.Release|Any CPU.Build.0 = Release|Any CPU
		{8FC7D234-74B3-4145-8F8D-3F589D996F9A}.Debug|Any CPU.ActiveCfg = Debug|Any CPU
		{8FC7D234-74B3-4145-8F8D-3F589D996F9A}.Debug|Any CPU.Build.0 = Debug|Any CPU
		{8FC7D234-74B3-4145-8F8D-3F589D996F9A}.Release|Any CPU.ActiveCfg = Release|Any CPU
		{8FC7D234-74B3-4145-8F8D-3F589D996F9A}.Release|Any CPU.Build.0 = Release|Any CPU
		{CCEB1A5E-54B7-4E82-B8EC-5F0F52B6D676}.Debug|Any CPU.ActiveCfg = Debug|Any CPU
		{CCEB1A5E-54B7-4E82-B8EC-5F0F52B6D676}.Debug|Any CPU.Build.0 = Debug|Any CPU
		{CCEB1A5E-54B7-4E82-B8EC-5F0F52B6D676}.Release|Any CPU.ActiveCfg = Release|Any CPU
		{CCEB1A5E-54B7-4E82-B8EC-5F0F52B6D676}.Release|Any CPU.Build.0 = Release|Any CPU
		{326F55CD-6168-4B8C-8806-094B6D93EF6B}.Debug|Any CPU.ActiveCfg = Debug|Any CPU
		{326F55CD-6168-4B8C-8806-094B6D93EF6B}.Debug|Any CPU.Build.0 = Debug|Any CPU
		{326F55CD-6168-4B8C-8806-094B6D93EF6B}.Release|Any CPU.ActiveCfg = Release|Any CPU
		{326F55CD-6168-4B8C-8806-094B6D93EF6B}.Release|Any CPU.Build.0 = Release|Any CPU
		{7C8F5523-954B-45AA-96AD-9E1FE8CA4814}.Debug|Any CPU.ActiveCfg = Debug|Any CPU
		{7C8F5523-954B-45AA-96AD-9E1FE8CA4814}.Debug|Any CPU.Build.0 = Debug|Any CPU
		{7C8F5523-954B-45AA-96AD-9E1FE8CA4814}.Release|Any CPU.ActiveCfg = Release|Any CPU
		{7C8F5523-954B-45AA-96AD-9E1FE8CA4814}.Release|Any CPU.Build.0 = Release|Any CPU
		{5D8BF155-013D-4D57-83FD-BD4C1D8ACF1F}.Debug|Any CPU.ActiveCfg = Debug|Any CPU
		{5D8BF155-013D-4D57-83FD-BD4C1D8ACF1F}.Debug|Any CPU.Build.0 = Debug|Any CPU
		{5D8BF155-013D-4D57-83FD-BD4C1D8ACF1F}.Release|Any CPU.ActiveCfg = Release|Any CPU
		{5D8BF155-013D-4D57-83FD-BD4C1D8ACF1F}.Release|Any CPU.Build.0 = Release|Any CPU
		{FC89BAE7-48C1-4330-AC9B-EE8A8C3A4D58}.Debug|Any CPU.ActiveCfg = Debug|Any CPU
		{FC89BAE7-48C1-4330-AC9B-EE8A8C3A4D58}.Debug|Any CPU.Build.0 = Debug|Any CPU
		{FC89BAE7-48C1-4330-AC9B-EE8A8C3A4D58}.Release|Any CPU.ActiveCfg = Release|Any CPU
		{FC89BAE7-48C1-4330-AC9B-EE8A8C3A4D58}.Release|Any CPU.Build.0 = Release|Any CPU
		{C91FB302-0CEA-411C-8A44-14B0D1FD46E9}.Debug|Any CPU.ActiveCfg = Debug|Any CPU
		{C91FB302-0CEA-411C-8A44-14B0D1FD46E9}.Debug|Any CPU.Build.0 = Debug|Any CPU
		{C91FB302-0CEA-411C-8A44-14B0D1FD46E9}.Release|Any CPU.ActiveCfg = Release|Any CPU
		{C91FB302-0CEA-411C-8A44-14B0D1FD46E9}.Release|Any CPU.Build.0 = Release|Any CPU
		{CE85B4DF-1CE4-4569-AD4C-2EFFA36878DB}.Debug|Any CPU.ActiveCfg = Debug|Any CPU
		{CE85B4DF-1CE4-4569-AD4C-2EFFA36878DB}.Debug|Any CPU.Build.0 = Debug|Any CPU
		{CE85B4DF-1CE4-4569-AD4C-2EFFA36878DB}.Release|Any CPU.ActiveCfg = Release|Any CPU
		{CE85B4DF-1CE4-4569-AD4C-2EFFA36878DB}.Release|Any CPU.Build.0 = Release|Any CPU
		{23F1920D-997C-45F1-B944-4F78E9452AFE}.Debug|Any CPU.ActiveCfg = Debug|Any CPU
		{23F1920D-997C-45F1-B944-4F78E9452AFE}.Debug|Any CPU.Build.0 = Debug|Any CPU
		{23F1920D-997C-45F1-B944-4F78E9452AFE}.Release|Any CPU.ActiveCfg = Release|Any CPU
		{23F1920D-997C-45F1-B944-4F78E9452AFE}.Release|Any CPU.Build.0 = Release|Any CPU
		{2510D567-53B9-42E2-BCF1-186AB1DA5AA7}.Debug|Any CPU.ActiveCfg = Debug|Any CPU
		{2510D567-53B9-42E2-BCF1-186AB1DA5AA7}.Debug|Any CPU.Build.0 = Debug|Any CPU
		{2510D567-53B9-42E2-BCF1-186AB1DA5AA7}.Release|Any CPU.ActiveCfg = Release|Any CPU
		{2510D567-53B9-42E2-BCF1-186AB1DA5AA7}.Release|Any CPU.Build.0 = Release|Any CPU
		{3112B340-B47F-474C-BFDA-6E072C5566B2}.Debug|Any CPU.ActiveCfg = Debug|Any CPU
		{3112B340-B47F-474C-BFDA-6E072C5566B2}.Debug|Any CPU.Build.0 = Debug|Any CPU
		{3112B340-B47F-474C-BFDA-6E072C5566B2}.Release|Any CPU.ActiveCfg = Release|Any CPU
		{3112B340-B47F-474C-BFDA-6E072C5566B2}.Release|Any CPU.Build.0 = Release|Any CPU
		{8C9C0DC4-F817-4F72-A579-DFB9337D8550}.Debug|Any CPU.ActiveCfg = Debug|Any CPU
		{8C9C0DC4-F817-4F72-A579-DFB9337D8550}.Debug|Any CPU.Build.0 = Debug|Any CPU
		{8C9C0DC4-F817-4F72-A579-DFB9337D8550}.Release|Any CPU.ActiveCfg = Release|Any CPU
		{8C9C0DC4-F817-4F72-A579-DFB9337D8550}.Release|Any CPU.Build.0 = Release|Any CPU
		{CFB00300-F03F-4AEB-998F-B397331CD402}.Debug|Any CPU.ActiveCfg = Debug|Any CPU
		{CFB00300-F03F-4AEB-998F-B397331CD402}.Debug|Any CPU.Build.0 = Debug|Any CPU
		{CFB00300-F03F-4AEB-998F-B397331CD402}.Release|Any CPU.ActiveCfg = Release|Any CPU
		{CFB00300-F03F-4AEB-998F-B397331CD402}.Release|Any CPU.Build.0 = Release|Any CPU
		{CE1041DC-909B-47DF-8DDF-D8324AAA9EEF}.Debug|Any CPU.ActiveCfg = Debug|Any CPU
		{CE1041DC-909B-47DF-8DDF-D8324AAA9EEF}.Debug|Any CPU.Build.0 = Debug|Any CPU
		{CE1041DC-909B-47DF-8DDF-D8324AAA9EEF}.Release|Any CPU.ActiveCfg = Release|Any CPU
		{CE1041DC-909B-47DF-8DDF-D8324AAA9EEF}.Release|Any CPU.Build.0 = Release|Any CPU
		{1A397378-0EA3-4823-A8EF-D8F63CC90161}.Debug|Any CPU.ActiveCfg = Debug|Any CPU
		{1A397378-0EA3-4823-A8EF-D8F63CC90161}.Debug|Any CPU.Build.0 = Debug|Any CPU
		{1A397378-0EA3-4823-A8EF-D8F63CC90161}.Release|Any CPU.ActiveCfg = Release|Any CPU
		{1A397378-0EA3-4823-A8EF-D8F63CC90161}.Release|Any CPU.Build.0 = Release|Any CPU
		{80799C90-6E70-43BF-8629-C40C2A0F5E40}.Debug|Any CPU.ActiveCfg = Debug|Any CPU
		{80799C90-6E70-43BF-8629-C40C2A0F5E40}.Debug|Any CPU.Build.0 = Debug|Any CPU
		{80799C90-6E70-43BF-8629-C40C2A0F5E40}.Release|Any CPU.ActiveCfg = Release|Any CPU
		{80799C90-6E70-43BF-8629-C40C2A0F5E40}.Release|Any CPU.Build.0 = Release|Any CPU
		{E8BCCBFB-D63A-454F-A739-9D649ED45708}.Debug|Any CPU.ActiveCfg = Debug|Any CPU
		{E8BCCBFB-D63A-454F-A739-9D649ED45708}.Debug|Any CPU.Build.0 = Debug|Any CPU
		{E8BCCBFB-D63A-454F-A739-9D649ED45708}.Release|Any CPU.ActiveCfg = Release|Any CPU
		{E8BCCBFB-D63A-454F-A739-9D649ED45708}.Release|Any CPU.Build.0 = Release|Any CPU
		{AA45E6BA-7A77-4BD4-AB8B-27EFC92FEC57}.Debug|Any CPU.ActiveCfg = Debug|Any CPU
		{AA45E6BA-7A77-4BD4-AB8B-27EFC92FEC57}.Debug|Any CPU.Build.0 = Debug|Any CPU
		{AA45E6BA-7A77-4BD4-AB8B-27EFC92FEC57}.Release|Any CPU.ActiveCfg = Release|Any CPU
		{AA45E6BA-7A77-4BD4-AB8B-27EFC92FEC57}.Release|Any CPU.Build.0 = Release|Any CPU
		{1C86100C-58A9-4B3B-A85F-0A013DFFBD7C}.Debug|Any CPU.ActiveCfg = Debug|Any CPU
		{1C86100C-58A9-4B3B-A85F-0A013DFFBD7C}.Debug|Any CPU.Build.0 = Debug|Any CPU
		{1C86100C-58A9-4B3B-A85F-0A013DFFBD7C}.Release|Any CPU.ActiveCfg = Release|Any CPU
		{1C86100C-58A9-4B3B-A85F-0A013DFFBD7C}.Release|Any CPU.Build.0 = Release|Any CPU
		{2F5456EB-1A12-4721-B9ED-75464530567F}.Debug|Any CPU.ActiveCfg = Debug|Any CPU
		{2F5456EB-1A12-4721-B9ED-75464530567F}.Debug|Any CPU.Build.0 = Debug|Any CPU
		{2F5456EB-1A12-4721-B9ED-75464530567F}.Release|Any CPU.ActiveCfg = Release|Any CPU
		{2F5456EB-1A12-4721-B9ED-75464530567F}.Release|Any CPU.Build.0 = Release|Any CPU
		{FB2BD069-79BA-4094-9573-288E41259CFB}.Debug|Any CPU.ActiveCfg = Debug|Any CPU
		{FB2BD069-79BA-4094-9573-288E41259CFB}.Debug|Any CPU.Build.0 = Debug|Any CPU
		{FB2BD069-79BA-4094-9573-288E41259CFB}.Release|Any CPU.ActiveCfg = Release|Any CPU
		{FB2BD069-79BA-4094-9573-288E41259CFB}.Release|Any CPU.Build.0 = Release|Any CPU
		{EB433099-6683-4993-9A95-5D6570FC7026}.Debug|Any CPU.ActiveCfg = Debug|Any CPU
		{EB433099-6683-4993-9A95-5D6570FC7026}.Debug|Any CPU.Build.0 = Debug|Any CPU
		{EB433099-6683-4993-9A95-5D6570FC7026}.Release|Any CPU.ActiveCfg = Release|Any CPU
		{EB433099-6683-4993-9A95-5D6570FC7026}.Release|Any CPU.Build.0 = Release|Any CPU
		{CE156A26-6346-483D-85CB-5628FEDFE8A9}.Debug|Any CPU.ActiveCfg = Debug|Any CPU
		{CE156A26-6346-483D-85CB-5628FEDFE8A9}.Debug|Any CPU.Build.0 = Debug|Any CPU
		{CE156A26-6346-483D-85CB-5628FEDFE8A9}.Release|Any CPU.ActiveCfg = Release|Any CPU
		{CE156A26-6346-483D-85CB-5628FEDFE8A9}.Release|Any CPU.Build.0 = Release|Any CPU
		{DF41042F-C9F1-4B9E-B9AC-D67FD03A1075}.Debug|Any CPU.ActiveCfg = Debug|Any CPU
		{DF41042F-C9F1-4B9E-B9AC-D67FD03A1075}.Debug|Any CPU.Build.0 = Debug|Any CPU
		{DF41042F-C9F1-4B9E-B9AC-D67FD03A1075}.Release|Any CPU.ActiveCfg = Release|Any CPU
		{DF41042F-C9F1-4B9E-B9AC-D67FD03A1075}.Release|Any CPU.Build.0 = Release|Any CPU
		{14F1F6C0-313B-4A59-80F9-FD3FD95A58FA}.Debug|Any CPU.ActiveCfg = Debug|Any CPU
		{14F1F6C0-313B-4A59-80F9-FD3FD95A58FA}.Debug|Any CPU.Build.0 = Debug|Any CPU
		{14F1F6C0-313B-4A59-80F9-FD3FD95A58FA}.Release|Any CPU.ActiveCfg = Release|Any CPU
		{14F1F6C0-313B-4A59-80F9-FD3FD95A58FA}.Release|Any CPU.Build.0 = Release|Any CPU
		{92F0A83D-44FC-4A77-86BA-09EDC108C74B}.Debug|Any CPU.ActiveCfg = Debug|Any CPU
		{92F0A83D-44FC-4A77-86BA-09EDC108C74B}.Debug|Any CPU.Build.0 = Debug|Any CPU
		{92F0A83D-44FC-4A77-86BA-09EDC108C74B}.Release|Any CPU.ActiveCfg = Release|Any CPU
		{92F0A83D-44FC-4A77-86BA-09EDC108C74B}.Release|Any CPU.Build.0 = Release|Any CPU
		{09E8DE9B-2AD0-4172-BEDC-83CA08BC9F7A}.Debug|Any CPU.ActiveCfg = Debug|Any CPU
		{09E8DE9B-2AD0-4172-BEDC-83CA08BC9F7A}.Debug|Any CPU.Build.0 = Debug|Any CPU
		{09E8DE9B-2AD0-4172-BEDC-83CA08BC9F7A}.Release|Any CPU.ActiveCfg = Release|Any CPU
		{09E8DE9B-2AD0-4172-BEDC-83CA08BC9F7A}.Release|Any CPU.Build.0 = Release|Any CPU
		{FBC3289F-9EDB-4717-B4D6-F32F09BE8868}.Debug|Any CPU.ActiveCfg = Debug|Any CPU
		{FBC3289F-9EDB-4717-B4D6-F32F09BE8868}.Debug|Any CPU.Build.0 = Debug|Any CPU
		{FBC3289F-9EDB-4717-B4D6-F32F09BE8868}.Release|Any CPU.ActiveCfg = Release|Any CPU
		{FBC3289F-9EDB-4717-B4D6-F32F09BE8868}.Release|Any CPU.Build.0 = Release|Any CPU
		{7F539C5B-B633-46EE-A4BF-6B6C030AA15F}.Debug|Any CPU.ActiveCfg = Debug|Any CPU
		{7F539C5B-B633-46EE-A4BF-6B6C030AA15F}.Debug|Any CPU.Build.0 = Debug|Any CPU
		{7F539C5B-B633-46EE-A4BF-6B6C030AA15F}.Release|Any CPU.ActiveCfg = Release|Any CPU
		{7F539C5B-B633-46EE-A4BF-6B6C030AA15F}.Release|Any CPU.Build.0 = Release|Any CPU
		{7E8ED0CE-EF6E-433A-8827-88A4C8C82313}.Debug|Any CPU.ActiveCfg = Debug|Any CPU
		{7E8ED0CE-EF6E-433A-8827-88A4C8C82313}.Debug|Any CPU.Build.0 = Debug|Any CPU
		{7E8ED0CE-EF6E-433A-8827-88A4C8C82313}.Release|Any CPU.ActiveCfg = Release|Any CPU
		{7E8ED0CE-EF6E-433A-8827-88A4C8C82313}.Release|Any CPU.Build.0 = Release|Any CPU
		{B3662750-C2C3-45D5-8753-6B2AEDA09B15}.Debug|Any CPU.ActiveCfg = Debug|Any CPU
		{B3662750-C2C3-45D5-8753-6B2AEDA09B15}.Debug|Any CPU.Build.0 = Debug|Any CPU
		{B3662750-C2C3-45D5-8753-6B2AEDA09B15}.Release|Any CPU.ActiveCfg = Release|Any CPU
		{B3662750-C2C3-45D5-8753-6B2AEDA09B15}.Release|Any CPU.Build.0 = Release|Any CPU
		{6D096A2A-7FDA-4E15-A5B3-40270562D5CA}.Debug|Any CPU.ActiveCfg = Debug|Any CPU
		{6D096A2A-7FDA-4E15-A5B3-40270562D5CA}.Debug|Any CPU.Build.0 = Debug|Any CPU
		{6D096A2A-7FDA-4E15-A5B3-40270562D5CA}.Release|Any CPU.ActiveCfg = Release|Any CPU
		{6D096A2A-7FDA-4E15-A5B3-40270562D5CA}.Release|Any CPU.Build.0 = Release|Any CPU
		{1122B13C-08B3-4A55-9D55-9A8E0CBC71B9}.Debug|Any CPU.ActiveCfg = Debug|Any CPU
		{1122B13C-08B3-4A55-9D55-9A8E0CBC71B9}.Debug|Any CPU.Build.0 = Debug|Any CPU
		{1122B13C-08B3-4A55-9D55-9A8E0CBC71B9}.Release|Any CPU.ActiveCfg = Release|Any CPU
		{1122B13C-08B3-4A55-9D55-9A8E0CBC71B9}.Release|Any CPU.Build.0 = Release|Any CPU
		{F42737F5-6B32-49B0-91DA-CF8EDB4217ED}.Debug|Any CPU.ActiveCfg = Debug|Any CPU
		{F42737F5-6B32-49B0-91DA-CF8EDB4217ED}.Debug|Any CPU.Build.0 = Debug|Any CPU
		{F42737F5-6B32-49B0-91DA-CF8EDB4217ED}.Release|Any CPU.ActiveCfg = Release|Any CPU
		{F42737F5-6B32-49B0-91DA-CF8EDB4217ED}.Release|Any CPU.Build.0 = Release|Any CPU
		{C49FB09F-EED5-4B6A-970A-089F5AA6A020}.Debug|Any CPU.ActiveCfg = Debug|Any CPU
		{C49FB09F-EED5-4B6A-970A-089F5AA6A020}.Debug|Any CPU.Build.0 = Debug|Any CPU
		{C49FB09F-EED5-4B6A-970A-089F5AA6A020}.Release|Any CPU.ActiveCfg = Release|Any CPU
		{C49FB09F-EED5-4B6A-970A-089F5AA6A020}.Release|Any CPU.Build.0 = Release|Any CPU
		{4FF41BD0-1324-42BF-8165-CDE0614552B5}.Debug|Any CPU.ActiveCfg = Debug|Any CPU
		{4FF41BD0-1324-42BF-8165-CDE0614552B5}.Debug|Any CPU.Build.0 = Debug|Any CPU
		{4FF41BD0-1324-42BF-8165-CDE0614552B5}.Release|Any CPU.ActiveCfg = Release|Any CPU
		{4FF41BD0-1324-42BF-8165-CDE0614552B5}.Release|Any CPU.Build.0 = Release|Any CPU
		{9A911282-FC20-4E74-9D28-4986302CD90B}.Debug|Any CPU.ActiveCfg = Debug|Any CPU
		{9A911282-FC20-4E74-9D28-4986302CD90B}.Debug|Any CPU.Build.0 = Debug|Any CPU
		{9A911282-FC20-4E74-9D28-4986302CD90B}.Release|Any CPU.ActiveCfg = Release|Any CPU
		{9A911282-FC20-4E74-9D28-4986302CD90B}.Release|Any CPU.Build.0 = Release|Any CPU
		{1F71DF4F-E5A8-40A5-867B-C1399EE01ABD}.Debug|Any CPU.ActiveCfg = Debug|Any CPU
		{1F71DF4F-E5A8-40A5-867B-C1399EE01ABD}.Debug|Any CPU.Build.0 = Debug|Any CPU
		{1F71DF4F-E5A8-40A5-867B-C1399EE01ABD}.Release|Any CPU.ActiveCfg = Release|Any CPU
		{1F71DF4F-E5A8-40A5-867B-C1399EE01ABD}.Release|Any CPU.Build.0 = Release|Any CPU
	EndGlobalSection
	GlobalSection(SolutionProperties) = preSolution
		HideSolutionNode = FALSE
	EndGlobalSection
EndGlobal
