
Microsoft Visual Studio Solution File, Format Version 12.00
# Visual Studio 2013
VisualStudioVersion = 12.0.21005.1
MinimumVisualStudioVersion = 10.0.40219.1
Project("{FAE04EC0-301F-11D3-BF4B-00C04F79EFBC}") = "Additional Task", "Additional Task\Additional Task.csproj", "{04C2DBB0-1536-4A06-BE37-D2457D56AF0D}"
EndProject
Project("{FAE04EC0-301F-11D3-BF4B-00C04F79EFBC}") = "Task2", "Task2\Task2.csproj", "{5F3A2CE0-D6F3-416B-8455-2E1F2D6C6FF5}"
EndProject
Project("{FAE04EC0-301F-11D3-BF4B-00C04F79EFBC}") = "Task3", "Task3\Task3.csproj", "{BFC391C7-F272-4DA3-B40B-3C2F974C80A9}"
EndProject
Global
	GlobalSection(SolutionConfigurationPlatforms) = preSolution
		Debug|Any CPU = Debug|Any CPU
		Release|Any CPU = Release|Any CPU
	EndGlobalSection
	GlobalSection(ProjectConfigurationPlatforms) = postSolution
		{04C2DBB0-1536-4A06-BE37-D2457D56AF0D}.Debug|Any CPU.ActiveCfg = Debug|Any CPU
		{04C2DBB0-1536-4A06-BE37-D2457D56AF0D}.Debug|Any CPU.Build.0 = Debug|Any CPU
		{04C2DBB0-1536-4A06-BE37-D2457D56AF0D}.Release|Any CPU.ActiveCfg = Release|Any CPU
		{04C2DBB0-1536-4A06-BE37-D2457D56AF0D}.Release|Any CPU.Build.0 = Release|Any CPU
		{5F3A2CE0-D6F3-416B-8455-2E1F2D6C6FF5}.Debug|Any CPU.ActiveCfg = Debug|Any CPU
		{5F3A2CE0-D6F3-416B-8455-2E1F2D6C6FF5}.Debug|Any CPU.Build.0 = Debug|Any CPU
		{5F3A2CE0-D6F3-416B-8455-2E1F2D6C6FF5}.Release|Any CPU.ActiveCfg = Release|Any CPU
		{5F3A2CE0-D6F3-416B-8455-2E1F2D6C6FF5}.Release|Any CPU.Build.0 = Release|Any CPU
		{BFC391C7-F272-4DA3-B40B-3C2F974C80A9}.Debug|Any CPU.ActiveCfg = Debug|Any CPU
		{BFC391C7-F272-4DA3-B40B-3C2F974C80A9}.Debug|Any CPU.Build.0 = Debug|Any CPU
		{BFC391C7-F272-4DA3-B40B-3C2F974C80A9}.Release|Any CPU.ActiveCfg = Release|Any CPU
		{BFC391C7-F272-4DA3-B40B-3C2F974C80A9}.Release|Any CPU.Build.0 = Release|Any CPU
	EndGlobalSection
	GlobalSection(SolutionProperties) = preSolution
		HideSolutionNode = FALSE
	EndGlobalSection
EndGlobal
