
Microsoft Visual Studio Solution File, Format Version 12.00
# Visual Studio 2013
VisualStudioVersion = 12.0.21005.1
MinimumVisualStudioVersion = 10.0.40219.1
Project("{FAE04EC0-301F-11D3-BF4B-00C04F79EFBC}") = "001_Queue_Priorities", "001_Queue_Priorities\001_Queue_Priorities.csproj", "{A1BCCC46-772D-4BD1-9B0A-210F30797AED}"
EndProject
Project("{FAE04EC0-301F-11D3-BF4B-00C04F79EFBC}") = "001_Queue_Priorities_Correct", "001_Queue_Priorities_Correct\001_Queue_Priorities_Correct.csproj", "{786847E4-794A-444D-BFD3-C333F1BEA11C}"
EndProject
Global
	GlobalSection(SolutionConfigurationPlatforms) = preSolution
		Debug|Any CPU = Debug|Any CPU
		Release|Any CPU = Release|Any CPU
	EndGlobalSection
	GlobalSection(ProjectConfigurationPlatforms) = postSolution
		{A1BCCC46-772D-4BD1-9B0A-210F30797AED}.Debug|Any CPU.ActiveCfg = Debug|Any CPU
		{A1BCCC46-772D-4BD1-9B0A-210F30797AED}.Debug|Any CPU.Build.0 = Debug|Any CPU
		{A1BCCC46-772D-4BD1-9B0A-210F30797AED}.Release|Any CPU.ActiveCfg = Release|Any CPU
		{A1BCCC46-772D-4BD1-9B0A-210F30797AED}.Release|Any CPU.Build.0 = Release|Any CPU
		{786847E4-794A-444D-BFD3-C333F1BEA11C}.Debug|Any CPU.ActiveCfg = Debug|Any CPU
		{786847E4-794A-444D-BFD3-C333F1BEA11C}.Debug|Any CPU.Build.0 = Debug|Any CPU
		{786847E4-794A-444D-BFD3-C333F1BEA11C}.Release|Any CPU.ActiveCfg = Release|Any CPU
		{786847E4-794A-444D-BFD3-C333F1BEA11C}.Release|Any CPU.Build.0 = Release|Any CPU
	EndGlobalSection
	GlobalSection(SolutionProperties) = preSolution
		HideSolutionNode = FALSE
	EndGlobalSection
EndGlobal
