
Microsoft Visual Studio Solution File, Format Version 12.00
# Visual Studio Version 16
VisualStudioVersion = 16.0.30114.105
MinimumVisualStudioVersion = 10.0.40219.1
Project("{FAE04EC0-301F-11D3-BF4B-00C04F79EFBC}") = "AppCore", "AppCore\AppCore.csproj", "{4517D665-1F57-4FB0-B378-32EBE30E8ADB}"
EndProject
Project("{FAE04EC0-301F-11D3-BF4B-00C04F79EFBC}") = "AppCoreWebAPI", "AppCoreWebAPI\AppCoreWebAPI.csproj", "{05AB545E-2FB4-41C3-9D49-FCA1198ADF47}"
EndProject
Project("{FAE04EC0-301F-11D3-BF4B-00C04F79EFBC}") = "AppCoreMVC", "AppCoreMVC\AppCoreMVC.csproj", "{73AC3670-8BD9-4D45-B782-1BE487C72519}"
EndProject
Global
	GlobalSection(SolutionConfigurationPlatforms) = preSolution
		Debug|Any CPU = Debug|Any CPU
		Release|Any CPU = Release|Any CPU
	EndGlobalSection
	GlobalSection(ProjectConfigurationPlatforms) = postSolution
		{4517D665-1F57-4FB0-B378-32EBE30E8ADB}.Debug|Any CPU.ActiveCfg = Debug|Any CPU
		{4517D665-1F57-4FB0-B378-32EBE30E8ADB}.Debug|Any CPU.Build.0 = Debug|Any CPU
		{4517D665-1F57-4FB0-B378-32EBE30E8ADB}.Release|Any CPU.ActiveCfg = Release|Any CPU
		{4517D665-1F57-4FB0-B378-32EBE30E8ADB}.Release|Any CPU.Build.0 = Release|Any CPU
		{05AB545E-2FB4-41C3-9D49-FCA1198ADF47}.Debug|Any CPU.ActiveCfg = Debug|Any CPU
		{05AB545E-2FB4-41C3-9D49-FCA1198ADF47}.Debug|Any CPU.Build.0 = Debug|Any CPU
		{05AB545E-2FB4-41C3-9D49-FCA1198ADF47}.Release|Any CPU.ActiveCfg = Release|Any CPU
		{05AB545E-2FB4-41C3-9D49-FCA1198ADF47}.Release|Any CPU.Build.0 = Release|Any CPU
		{73AC3670-8BD9-4D45-B782-1BE487C72519}.Debug|Any CPU.ActiveCfg = Debug|Any CPU
		{73AC3670-8BD9-4D45-B782-1BE487C72519}.Debug|Any CPU.Build.0 = Debug|Any CPU
		{73AC3670-8BD9-4D45-B782-1BE487C72519}.Release|Any CPU.ActiveCfg = Release|Any CPU
		{73AC3670-8BD9-4D45-B782-1BE487C72519}.Release|Any CPU.Build.0 = Release|Any CPU
	EndGlobalSection
	GlobalSection(SolutionProperties) = preSolution
		HideSolutionNode = FALSE
	EndGlobalSection
	GlobalSection(ExtensibilityGlobals) = postSolution
		SolutionGuid = {9F123C3E-4BC8-4225-9A37-AC530078F371}
	EndGlobalSection
EndGlobal
