
Microsoft Visual Studio Solution File, Format Version 12.00
# Visual Studio 2013
VisualStudioVersion = 12.0.40629.0
MinimumVisualStudioVersion = 10.0.40219.1
Project("{FAE04EC0-301F-11D3-BF4B-00C04F79EFBC}") = "Task2", "Task2\Task2.csproj", "{2C6C1E04-EA24-4CFA-8F2E-CE26D02E547D}"
EndProject
Project("{FAE04EC0-301F-11D3-BF4B-00C04F79EFBC}") = "Task3", "Task3\Task3.csproj", "{F516122C-98D2-4BBB-8E4D-9F4636B6CDE0}"
EndProject
Project("{FAE04EC0-301F-11D3-BF4B-00C04F79EFBC}") = "Task3 - reworked", "Task3 - reworked\Task3 - reworked.csproj", "{CEBE67F5-4CCC-4602-9D57-257ED4EB68DA}"
EndProject
Global
	GlobalSection(SolutionConfigurationPlatforms) = preSolution
		Debug|Any CPU = Debug|Any CPU
		Release|Any CPU = Release|Any CPU
	EndGlobalSection
	GlobalSection(ProjectConfigurationPlatforms) = postSolution
		{2C6C1E04-EA24-4CFA-8F2E-CE26D02E547D}.Debug|Any CPU.ActiveCfg = Debug|Any CPU
		{2C6C1E04-EA24-4CFA-8F2E-CE26D02E547D}.Debug|Any CPU.Build.0 = Debug|Any CPU
		{2C6C1E04-EA24-4CFA-8F2E-CE26D02E547D}.Release|Any CPU.ActiveCfg = Release|Any CPU
		{2C6C1E04-EA24-4CFA-8F2E-CE26D02E547D}.Release|Any CPU.Build.0 = Release|Any CPU
		{F516122C-98D2-4BBB-8E4D-9F4636B6CDE0}.Debug|Any CPU.ActiveCfg = Debug|Any CPU
		{F516122C-98D2-4BBB-8E4D-9F4636B6CDE0}.Debug|Any CPU.Build.0 = Debug|Any CPU
		{F516122C-98D2-4BBB-8E4D-9F4636B6CDE0}.Release|Any CPU.ActiveCfg = Release|Any CPU
		{F516122C-98D2-4BBB-8E4D-9F4636B6CDE0}.Release|Any CPU.Build.0 = Release|Any CPU
		{CEBE67F5-4CCC-4602-9D57-257ED4EB68DA}.Debug|Any CPU.ActiveCfg = Debug|Any CPU
		{CEBE67F5-4CCC-4602-9D57-257ED4EB68DA}.Debug|Any CPU.Build.0 = Debug|Any CPU
		{CEBE67F5-4CCC-4602-9D57-257ED4EB68DA}.Release|Any CPU.ActiveCfg = Release|Any CPU
		{CEBE67F5-4CCC-4602-9D57-257ED4EB68DA}.Release|Any CPU.Build.0 = Release|Any CPU
	EndGlobalSection
	GlobalSection(SolutionProperties) = preSolution
		HideSolutionNode = FALSE
	EndGlobalSection
EndGlobal
